
Microsoft Visual Studio Solution File, Format Version 12.00
# Visual Studio Version 17
VisualStudioVersion = 17.10.34928.147
MinimumVisualStudioVersion = 10.0.40219.1
Project("{FAE04EC0-301F-11D3-BF4B-00C04F79EFBC}") = "QuizMaster", "QuizMaster\QuizMaster.csproj", "{C5815F16-A0A9-46CC-8D58-55875D6ADF4B}"
EndProject
Global
	GlobalSection(SolutionConfigurationPlatforms) = preSolution
		Debug|Any CPU = Debug|Any CPU
		Release|Any CPU = Release|Any CPU
	EndGlobalSection
	GlobalSection(ProjectConfigurationPlatforms) = postSolution
		{C5815F16-A0A9-46CC-8D58-55875D6ADF4B}.Debug|Any CPU.ActiveCfg = Debug|Any CPU
		{C5815F16-A0A9-46CC-8D58-55875D6ADF4B}.Debug|Any CPU.Build.0 = Debug|Any CPU
		{C5815F16-A0A9-46CC-8D58-55875D6ADF4B}.Release|Any CPU.ActiveCfg = Release|Any CPU
		{C5815F16-A0A9-46CC-8D58-55875D6ADF4B}.Release|Any CPU.Build.0 = Release|Any CPU
	EndGlobalSection
	GlobalSection(SolutionProperties) = preSolution
		HideSolutionNode = FALSE
	EndGlobalSection
	GlobalSection(ExtensibilityGlobals) = postSolution
		SolutionGuid = {E9F74933-D72B-4109-993C-24C8FF1D1ED2}
	EndGlobalSection
EndGlobal
